// !$*UTF8*$!
{
	archiveVersion = 1;
	classes = {
	};
	objectVersion = 55;
	objects = {

/* Begin PBXBuildFile section */
		FDC2334728C7E01C0044AF63 /* AppDelegate.swift in Sources */ = {isa = PBXBuildFile; fileRef = FDC2334628C7E01C0044AF63 /* AppDelegate.swift */; };
		FDC2334928C7E01C0044AF63 /* SceneDelegate.swift in Sources */ = {isa = PBXBuildFile; fileRef = FDC2334828C7E01C0044AF63 /* SceneDelegate.swift */; };
		FDC2334B28C7E01C0044AF63 /* MainViewController.swift in Sources */ = {isa = PBXBuildFile; fileRef = FDC2334A28C7E01C0044AF63 /* MainViewController.swift */; };
		FDC2334E28C7E01C0044AF63 /* Main.storyboard in Resources */ = {isa = PBXBuildFile; fileRef = FDC2334C28C7E01C0044AF63 /* Main.storyboard */; };
		FDC2335028C7E01F0044AF63 /* Assets.xcassets in Resources */ = {isa = PBXBuildFile; fileRef = FDC2334F28C7E01F0044AF63 /* Assets.xcassets */; };
		FDC2335328C7E01F0044AF63 /* LaunchScreen.storyboard in Resources */ = {isa = PBXBuildFile; fileRef = FDC2335128C7E01F0044AF63 /* LaunchScreen.storyboard */; };
		FDC2335C28C7E1840044AF63 /* Pet.swift in Sources */ = {isa = PBXBuildFile; fileRef = FDC2335B28C7E1840044AF63 /* Pet.swift */; };
/* End PBXBuildFile section */

/* Begin PBXFileReference section */
		FDC2334328C7E01C0044AF63 /* FMSSHomework1.app */ = {isa = PBXFileReference; explicitFileType = wrapper.application; includeInIndex = 0; path = FMSSHomework1.app; sourceTree = BUILT_PRODUCTS_DIR; };
		FDC2334628C7E01C0044AF63 /* AppDelegate.swift */ = {isa = PBXFileReference; lastKnownFileType = sourcecode.swift; path = AppDelegate.swift; sourceTree = "<group>"; };
		FDC2334828C7E01C0044AF63 /* SceneDelegate.swift */ = {isa = PBXFileReference; lastKnownFileType = sourcecode.swift; path = SceneDelegate.swift; sourceTree = "<group>"; };
		FDC2334A28C7E01C0044AF63 /* MainViewController.swift */ = {isa = PBXFileReference; lastKnownFileType = sourcecode.swift; path = MainViewController.swift; sourceTree = "<group>"; };
		FDC2334D28C7E01C0044AF63 /* Base */ = {isa = PBXFileReference; lastKnownFileType = file.storyboard; name = Base; path = Base.lproj/Main.storyboard; sourceTree = "<group>"; };
		FDC2334F28C7E01F0044AF63 /* Assets.xcassets */ = {isa = PBXFileReference; lastKnownFileType = folder.assetcatalog; path = Assets.xcassets; sourceTree = "<group>"; };
		FDC2335228C7E01F0044AF63 /* Base */ = {isa = PBXFileReference; lastKnownFileType = file.storyboard; name = Base; path = Base.lproj/LaunchScreen.storyboard; sourceTree = "<group>"; };
		FDC2335428C7E01F0044AF63 /* Info.plist */ = {isa = PBXFileReference; lastKnownFileType = text.plist.xml; path = Info.plist; sourceTree = "<group>"; };
		FDC2335B28C7E1840044AF63 /* Pet.swift */ = {isa = PBXFileReference; lastKnownFileType = sourcecode.swift; path = Pet.swift; sourceTree = "<group>"; };
/* End PBXFileReference section */

/* Begin PBXFrameworksBuildPhase section */
		FDC2334028C7E01C0044AF63 /* Frameworks */ = {
			isa = PBXFrameworksBuildPhase;
			buildActionMask = 2147483647;
			files = (
			);
			runOnlyForDeploymentPostprocessing = 0;
		};
/* End PBXFrameworksBuildPhase section */

/* Begin PBXGroup section */
		FDC2333A28C7E01C0044AF63 = {
			isa = PBXGroup;
			children = (
				FDC2334528C7E01C0044AF63 /* FMSSHomework1 */,
				FDC2334428C7E01C0044AF63 /* Products */,
			);
			sourceTree = "<group>";
		};
		FDC2334428C7E01C0044AF63 /* Products */ = {
			isa = PBXGroup;
			children = (
				FDC2334328C7E01C0044AF63 /* FMSSHomework1.app */,
			);
			name = Products;
			sourceTree = "<group>";
		};
		FDC2334528C7E01C0044AF63 /* FMSSHomework1 */ = {
			isa = PBXGroup;
			children = (
				FDC2335D28C91B1B0044AF63 /* ViewController */,
				FDC2335A28C7E1710044AF63 /* Model */,
				FDC2334628C7E01C0044AF63 /* AppDelegate.swift */,
				FDC2334828C7E01C0044AF63 /* SceneDelegate.swift */,
				FDC2334C28C7E01C0044AF63 /* Main.storyboard */,
				FDC2334F28C7E01F0044AF63 /* Assets.xcassets */,
				FDC2335128C7E01F0044AF63 /* LaunchScreen.storyboard */,
				FDC2335428C7E01F0044AF63 /* Info.plist */,
			);
			path = FMSSHomework1;
			sourceTree = "<group>";
		};
		FDC2335A28C7E1710044AF63 /* Model */ = {
			isa = PBXGroup;
			children = (
				FDC2335B28C7E1840044AF63 /* Pet.swift */,
			);
			path = Model;
			sourceTree = "<group>";
		};
		FDC2335D28C91B1B0044AF63 /* ViewController */ = {
			isa = PBXGroup;
			children = (
				FDC2334A28C7E01C0044AF63 /* MainViewController.swift */,
			);
			path = ViewController;
			sourceTree = "<group>";
		};
/* End PBXGroup section */

/* Begin PBXNativeTarget section */
		FDC2334228C7E01C0044AF63 /* FMSSHomework1 */ = {
			isa = PBXNativeTarget;
			buildConfigurationList = FDC2335728C7E01F0044AF63 /* Build configuration list for PBXNativeTarget "FMSSHomework1" */;
			buildPhases = (
				FDC2333F28C7E01C0044AF63 /* Sources */,
				FDC2334028C7E01C0044AF63 /* Frameworks */,
				FDC2334128C7E01C0044AF63 /* Resources */,
			);
			buildRules = (
			);
			dependencies = (
			);
			name = FMSSHomework1;
			productName = FMSSHomework1;
			productReference = FDC2334328C7E01C0044AF63 /* FMSSHomework1.app */;
			productType = "com.apple.product-type.application";
		};
/* End PBXNativeTarget section */

/* Begin PBXProject section */
		FDC2333B28C7E01C0044AF63 /* Project object */ = {
			isa = PBXProject;
			attributes = {
				BuildIndependentTargetsInParallel = 1;
				LastSwiftUpdateCheck = 1340;
				LastUpgradeCheck = 1340;
				TargetAttributes = {
					FDC2334228C7E01C0044AF63 = {
						CreatedOnToolsVersion = 13.4.1;
					};
				};
			};
			buildConfigurationList = FDC2333E28C7E01C0044AF63 /* Build configuration list for PBXProject "FMSSHomework1" */;
			compatibilityVersion = "Xcode 13.0";
			developmentRegion = en;
			hasScannedForEncodings = 0;
			knownRegions = (
				en,
				Base,
			);
			mainGroup = FDC2333A28C7E01C0044AF63;
			productRefGroup = FDC2334428C7E01C0044AF63 /* Products */;
			projectDirPath = "";
			projectRoot = "";
			targets = (
				FDC2334228C7E01C0044AF63 /* FMSSHomework1 */,
			);
		};
/* End PBXProject section */

/* Begin PBXResourcesBuildPhase section */
		FDC2334128C7E01C0044AF63 /* Resources */ = {
			isa = PBXResourcesBuildPhase;
			buildActionMask = 2147483647;
			files = (
				FDC2335328C7E01F0044AF63 /* LaunchScreen.storyboard in Resources */,
				FDC2335028C7E01F0044AF63 /* Assets.xcassets in Resources */,
				FDC2334E28C7E01C0044AF63 /* Main.storyboard in Resources */,
			);
			runOnlyForDeploymentPostprocessing = 0;
		};
/* End PBXResourcesBuildPhase section */

/* Begin PBXSourcesBuildPhase section */
		FDC2333F28C7E01C0044AF63 /* Sources */ = {
			isa = PBXSourcesBuildPhase;
			buildActionMask = 2147483647;
			files = (
				FDC2334B28C7E01C0044AF63 /* MainViewController.swift in Sources */,
				FDC2335C28C7E1840044AF63 /* Pet.swift in Sources */,
				FDC2334728C7E01C0044AF63 /* AppDelegate.swift in Sources */,
				FDC2334928C7E01C0044AF63 /* SceneDelegate.swift in Sources */,
			);
			runOnlyForDeploymentPostprocessing = 0;
		};
/* End PBXSourcesBuildPhase section */

/* Begin PBXVariantGroup section */
		FDC2334C28C7E01C0044AF63 /* Main.storyboard */ = {
			isa = PBXVariantGroup;
			children = (
				FDC2334D28C7E01C0044AF63 /* Base */,
			);
			name = Main.storyboard;
			sourceTree = "<group>";
		};
		FDC2335128C7E01F0044AF63 /* LaunchScreen.storyboard */ = {
			isa = PBXVariantGroup;
			children = (
				FDC2335228C7E01F0044AF63 /* Base */,
			);
			name = LaunchScreen.storyboard;
			sourceTree = "<group>";
		};
/* End PBXVariantGroup section */

/* Begin XCBuildConfiguration section */
		FDC2335528C7E01F0044AF63 /* Debug */ = {
			isa = XCBuildConfiguration;
			buildSettings = {
				ALWAYS_SEARCH_USER_PATHS = NO;
				CLANG_ANALYZER_NONNULL = YES;
				CLANG_ANALYZER_NUMBER_OBJECT_CONVERSION = YES_AGGRESSIVE;
				CLANG_CXX_LANGUAGE_STANDARD = "gnu++17";
				CLANG_ENABLE_MODULES = YES;
				CLANG_ENABLE_OBJC_ARC = YES;
				CLANG_ENABLE_OBJC_WEAK = YES;
				CLANG_WARN_BLOCK_CAPTURE_AUTORELEASING = YES;
				CLANG_WARN_BOOL_CONVERSION = YES;
				CLANG_WARN_COMMA = YES;
				CLANG_WARN_CONSTANT_CONVERSION = YES;
				CLANG_WARN_DEPRECATED_OBJC_IMPLEMENTATIONS = YES;
				CLANG_WARN_DIRECT_OBJC_ISA_USAGE = YES_ERROR;
				CLANG_WARN_DOCUMENTATION_COMMENTS = YES;
				CLANG_WARN_EMPTY_BODY = YES;
				CLANG_WARN_ENUM_CONVERSION = YES;
				CLANG_WARN_INFINITE_RECURSION = YES;
				CLANG_WARN_INT_CONVERSION = YES;
				CLANG_WARN_NON_LITERAL_NULL_CONVERSION = YES;
				CLANG_WARN_OBJC_IMPLICIT_RETAIN_SELF = YES;
				CLANG_WARN_OBJC_LITERAL_CONVERSION = YES;
				CLANG_WARN_OBJC_ROOT_CLASS = YES_ERROR;
				CLANG_WARN_QUOTED_INCLUDE_IN_FRAMEWORK_HEADER = YES;
				CLANG_WARN_RANGE_LOOP_ANALYSIS = YES;
				CLANG_WARN_STRICT_PROTOTYPES = YES;
				CLANG_WARN_SUSPICIOUS_MOVE = YES;
				CLANG_WARN_UNGUARDED_AVAILABILITY = YES_AGGRESSIVE;
				CLANG_WARN_UNREACHABLE_CODE = YES;
				CLANG_WARN__DUPLICATE_METHOD_MATCH = YES;
				COPY_PHASE_STRIP = NO;
				DEBUG_INFORMATION_FORMAT = dwarf;
				ENABLE_STRICT_OBJC_MSGSEND = YES;
				ENABLE_TESTABILITY = YES;
				GCC_C_LANGUAGE_STANDARD = gnu11;
				GCC_DYNAMIC_NO_PIC = NO;
				GCC_NO_COMMON_BLOCKS = YES;
				GCC_OPTIMIZATION_LEVEL = 0;
				GCC_PREPROCESSOR_DEFINITIONS = (
					"DEBUG=1",
					"$(inherited)",
				);
				GCC_WARN_64_TO_32_BIT_CONVERSION = YES;
				GCC_WARN_ABOUT_RETURN_TYPE = YES_ERROR;
				GCC_WARN_UNDECLARED_SELECTOR = YES;
				GCC_WARN_UNINITIALIZED_AUTOS = YES_AGGRESSIVE;
				GCC_WARN_UNUSED_FUNCTION = YES;
				GCC_WARN_UNUSED_VARIABLE = YES;
				IPHONEOS_DEPLOYMENT_TARGET = 15.5;
				MTL_ENABLE_DEBUG_INFO = INCLUDE_SOURCE;
				MTL_FAST_MATH = YES;
				ONLY_ACTIVE_ARCH = YES;
				SDKROOT = iphoneos;
				SWIFT_ACTIVE_COMPILATION_CONDITIONS = DEBUG;
				SWIFT_OPTIMIZATION_LEVEL = "-Onone";
			};
			name = Debug;
		};
		FDC2335628C7E01F0044AF63 /* Release */ = {
			isa = XCBuildConfiguration;
			buildSettings = {
				ALWAYS_SEARCH_USER_PATHS = NO;
				CLANG_ANALYZER_NONNULL = YES;
				CLANG_ANALYZER_NUMBER_OBJECT_CONVERSION = YES_AGGRESSIVE;
				CLANG_CXX_LANGUAGE_STANDARD = "gnu++17";
				CLANG_ENABLE_MODULES = YES;
				CLANG_ENABLE_OBJC_ARC = YES;
				CLANG_ENABLE_OBJC_WEAK = YES;
				CLANG_WARN_BLOCK_CAPTURE_AUTORELEASING = YES;
				CLANG_WARN_BOOL_CONVERSION = YES;
				CLANG_WARN_COMMA = YES;
				CLANG_WARN_CONSTANT_CONVERSION = YES;
				CLANG_WARN_DEPRECATED_OBJC_IMPLEMENTATIONS = YES;
				CLANG_WARN_DIRECT_OBJC_ISA_USAGE = YES_ERROR;
				CLANG_WARN_DOCUMENTATION_COMMENTS = YES;
				CLANG_WARN_EMPTY_BODY = YES;
				CLANG_WARN_ENUM_CONVERSION = YES;
				CLANG_WARN_INFINITE_RECURSION = YES;
				CLANG_WARN_INT_CONVERSION = YES;
				CLANG_WARN_NON_LITERAL_NULL_CONVERSION = YES;
				CLANG_WARN_OBJC_IMPLICIT_RETAIN_SELF = YES;
				CLANG_WARN_OBJC_LITERAL_CONVERSION = YES;
				CLANG_WARN_OBJC_ROOT_CLASS = YES_ERROR;
				CLANG_WARN_QUOTED_INCLUDE_IN_FRAMEWORK_HEADER = YES;
				CLANG_WARN_RANGE_LOOP_ANALYSIS = YES;
				CLANG_WARN_STRICT_PROTOTYPES = YES;
				CLANG_WARN_SUSPICIOUS_MOVE = YES;
				CLANG_WARN_UNGUARDED_AVAILABILITY = YES_AGGRESSIVE;
				CLANG_WARN_UNREACHABLE_CODE = YES;
				CLANG_WARN__DUPLICATE_METHOD_MATCH = YES;
				COPY_PHASE_STRIP = NO;
				DEBUG_INFORMATION_FORMAT = "dwarf-with-dsym";
				ENABLE_NS_ASSERTIONS = NO;
				ENABLE_STRICT_OBJC_MSGSEND = YES;
				GCC_C_LANGUAGE_STANDARD = gnu11;
				GCC_NO_COMMON_BLOCKS = YES;
				GCC_WARN_64_TO_32_BIT_CONVERSION = YES;
				GCC_WARN_ABOUT_RETURN_TYPE = YES_ERROR;
				GCC_WARN_UNDECLARED_SELECTOR = YES;
				GCC_WARN_UNINITIALIZED_AUTOS = YES_AGGRESSIVE;
				GCC_WARN_UNUSED_FUNCTION = YES;
				GCC_WARN_UNUSED_VARIABLE = YES;
				IPHONEOS_DEPLOYMENT_TARGET = 15.5;
				MTL_ENABLE_DEBUG_INFO = NO;
				MTL_FAST_MATH = YES;
				SDKROOT = iphoneos;
				SWIFT_COMPILATION_MODE = wholemodule;
				SWIFT_OPTIMIZATION_LEVEL = "-O";
				VALIDATE_PRODUCT = YES;
			};
			name = Release;
		};
		FDC2335828C7E01F0044AF63 /* Debug */ = {
			isa = XCBuildConfiguration;
			buildSettings = {
				ASSETCATALOG_COMPILER_APPICON_NAME = AppIcon;
				ASSETCATALOG_COMPILER_GLOBAL_ACCENT_COLOR_NAME = AccentColor;
				CODE_SIGN_STYLE = Automatic;
				CURRENT_PROJECT_VERSION = 1;
				DEVELOPMENT_TEAM = CB2FL454D9;
				GENERATE_INFOPLIST_FILE = YES;
				INFOPLIST_FILE = FMSSHomework1/Info.plist;
				INFOPLIST_KEY_UIApplicationSupportsIndirectInputEvents = YES;
				INFOPLIST_KEY_UILaunchStoryboardName = LaunchScreen;
				INFOPLIST_KEY_UIMainStoryboardFile = Main;
				INFOPLIST_KEY_UISupportedInterfaceOrientations_iPad = "UIInterfaceOrientationPortrait UIInterfaceOrientationPortraitUpsideDown UIInterfaceOrientationLandscapeLeft UIInterfaceOrientationLandscapeRight";
				INFOPLIST_KEY_UISupportedInterfaceOrientations_iPhone = "UIInterfaceOrientationPortrait UIInterfaceOrientationLandscapeLeft UIInterfaceOrientationLandscapeRight";
				LD_RUNPATH_SEARCH_PATHS = (
					"$(inherited)",
					"@executable_path/Frameworks",
				);
				MARKETING_VERSION = 1.0;
				PRODUCT_BUNDLE_IDENTIFIER = com.tolgakucuk.FMSSHomework1;
				PRODUCT_NAME = "$(TARGET_NAME)";
				SWIFT_EMIT_LOC_STRINGS = YES;
				SWIFT_VERSION = 5.0;
				TARGETED_DEVICE_FAMILY = "1,2";
			};
			name = Debug;
		};
		FDC2335928C7E01F0044AF63 /* Release */ = {
			isa = XCBuildConfiguration;
			buildSettings = {
				ASSETCATALOG_COMPILER_APPICON_NAME = AppIcon;
				ASSETCATALOG_COMPILER_GLOBAL_ACCENT_COLOR_NAME = AccentColor;
				CODE_SIGN_STYLE = Automatic;
				CURRENT_PROJECT_VERSION = 1;
				DEVELOPMENT_TEAM = CB2FL454D9;
				GENERATE_INFOPLIST_FILE = YES;
				INFOPLIST_FILE = FMSSHomework1/Info.plist;
				INFOPLIST_KEY_UIApplicationSupportsIndirectInputEvents = YES;
				INFOPLIST_KEY_UILaunchStoryboardName = LaunchScreen;
				INFOPLIST_KEY_UIMainStoryboardFile = Main;
				INFOPLIST_KEY_UISupportedInterfaceOrientations_iPad = "UIInterfaceOrientationPortrait UIInterfaceOrientationPortraitUpsideDown UIInterfaceOrientationLandscapeLeft UIInterfaceOrientationLandscapeRight";
				INFOPLIST_KEY_UISupportedInterfaceOrientations_iPhone = "UIInterfaceOrientationPortrait UIInterfaceOrientationLandscapeLeft UIInterfaceOrientationLandscapeRight";
				LD_RUNPATH_SEARCH_PATHS = (
					"$(inherited)",
					"@executable_path/Frameworks",
				);
				MARKETING_VERSION = 1.0;
				PRODUCT_BUNDLE_IDENTIFIER = com.tolgakucuk.FMSSHomework1;
				PRODUCT_NAME = "$(TARGET_NAME)";
				SWIFT_EMIT_LOC_STRINGS = YES;
				SWIFT_VERSION = 5.0;
				TARGETED_DEVICE_FAMILY = "1,2";
			};
			name = Release;
		};
/* End XCBuildConfiguration section */

/* Begin XCConfigurationList section */
		FDC2333E28C7E01C0044AF63 /* Build configuration list for PBXProject "FMSSHomework1" */ = {
			isa = XCConfigurationList;
			buildConfigurations = (
				FDC2335528C7E01F0044AF63 /* Debug */,
				FDC2335628C7E01F0044AF63 /* Release */,
			);
			defaultConfigurationIsVisible = 0;
			defaultConfigurationName = Release;
		};
		FDC2335728C7E01F0044AF63 /* Build configuration list for PBXNativeTarget "FMSSHomework1" */ = {
			isa = XCConfigurationList;
			buildConfigurations = (
				FDC2335828C7E01F0044AF63 /* Debug */,
				FDC2335928C7E01F0044AF63 /* Release */,
			);
			defaultConfigurationIsVisible = 0;
			defaultConfigurationName = Release;
		};
/* End XCConfigurationList section */
	};
	rootObject = FDC2333B28C7E01C0044AF63 /* Project object */;
}
